
Microsoft Visual Studio Solution File, Format Version 12.00
# Visual Studio Version 16
VisualStudioVersion = 16.0.30104.148
MinimumVisualStudioVersion = 10.0.40219.1
Project("{FAE04EC0-301F-11D3-BF4B-00C04F79EFBC}") = "Obtiene-IP", "Obtiene-IP\Obtiene-IP.csproj", "{7ACAF3E9-5808-440B-BB92-60C1D62EDEE4}"
EndProject
Global
	GlobalSection(SolutionConfigurationPlatforms) = preSolution
		Debug|Any CPU = Debug|Any CPU
		Release|Any CPU = Release|Any CPU
	EndGlobalSection
	GlobalSection(ProjectConfigurationPlatforms) = postSolution
		{7ACAF3E9-5808-440B-BB92-60C1D62EDEE4}.Debug|Any CPU.ActiveCfg = Debug|Any CPU
		{7ACAF3E9-5808-440B-BB92-60C1D62EDEE4}.Debug|Any CPU.Build.0 = Debug|Any CPU
		{7ACAF3E9-5808-440B-BB92-60C1D62EDEE4}.Release|Any CPU.ActiveCfg = Release|Any CPU
		{7ACAF3E9-5808-440B-BB92-60C1D62EDEE4}.Release|Any CPU.Build.0 = Release|Any CPU
	EndGlobalSection
	GlobalSection(SolutionProperties) = preSolution
		HideSolutionNode = FALSE
	EndGlobalSection
	GlobalSection(ExtensibilityGlobals) = postSolution
		SolutionGuid = {EB45863D-33DE-4BE0-9969-EDFA4A5C03B7}
	EndGlobalSection
EndGlobal
